
Microsoft Visual Studio Solution File, Format Version 12.00
# Visual Studio Express 2012 for Windows Desktop
Project("{FAE04EC0-301F-11D3-BF4B-00C04F79EFBC}") = "DataConnectionBuilder", "DataConnectionBuilder.csproj", "{71829F92-C303-4598-A741-2F8CFA52216C}"
EndProject
Project("{FAE04EC0-301F-11D3-BF4B-00C04F79EFBC}") = "JBCore", "..\JBCore\JBCore.csproj", "{05CDA7AE-7F94-46F6-B5F0-AF555B1D281A}"
EndProject
Global
	GlobalSection(SolutionConfigurationPlatforms) = preSolution
		Debug|Any CPU = Debug|Any CPU
		Release|Any CPU = Release|Any CPU
	EndGlobalSection
	GlobalSection(ProjectConfigurationPlatforms) = postSolution
		{71829F92-C303-4598-A741-2F8CFA52216C}.Debug|Any CPU.ActiveCfg = Debug|Any CPU
		{71829F92-C303-4598-A741-2F8CFA52216C}.Debug|Any CPU.Build.0 = Debug|Any CPU
		{71829F92-C303-4598-A741-2F8CFA52216C}.Release|Any CPU.ActiveCfg = Release|Any CPU
		{71829F92-C303-4598-A741-2F8CFA52216C}.Release|Any CPU.Build.0 = Release|Any CPU
		{05CDA7AE-7F94-46F6-B5F0-AF555B1D281A}.Debug|Any CPU.ActiveCfg = Debug|Any CPU
		{05CDA7AE-7F94-46F6-B5F0-AF555B1D281A}.Debug|Any CPU.Build.0 = Debug|Any CPU
		{05CDA7AE-7F94-46F6-B5F0-AF555B1D281A}.Release|Any CPU.ActiveCfg = Release|Any CPU
		{05CDA7AE-7F94-46F6-B5F0-AF555B1D281A}.Release|Any CPU.Build.0 = Release|Any CPU
	EndGlobalSection
	GlobalSection(SolutionProperties) = preSolution
		HideSolutionNode = FALSE
	EndGlobalSection
EndGlobal
